
Microsoft Visual Studio Solution File, Format Version 12.00
# Visual Studio Version 17
VisualStudioVersion = 17.9.34728.123
MinimumVisualStudioVersion = 10.0.40219.1
Project("{8BC9CEB8-8B4A-11D0-8D11-00A0C91BC942}") = "dataStructure_0610_2", "dataStructure_0610_2\dataStructure_0610_2.vcxproj", "{9792D579-E520-4DD8-BA30-604374A05964}"
EndProject
Global
	GlobalSection(SolutionConfigurationPlatforms) = preSolution
		Debug|x64 = Debug|x64
		Debug|x86 = Debug|x86
		Release|x64 = Release|x64
		Release|x86 = Release|x86
	EndGlobalSection
	GlobalSection(ProjectConfigurationPlatforms) = postSolution
		{9792D579-E520-4DD8-BA30-604374A05964}.Debug|x64.ActiveCfg = Debug|x64
		{9792D579-E520-4DD8-BA30-604374A05964}.Debug|x64.Build.0 = Debug|x64
		{9792D579-E520-4DD8-BA30-604374A05964}.Debug|x86.ActiveCfg = Debug|Win32
		{9792D579-E520-4DD8-BA30-604374A05964}.Debug|x86.Build.0 = Debug|Win32
		{9792D579-E520-4DD8-BA30-604374A05964}.Release|x64.ActiveCfg = Release|x64
		{9792D579-E520-4DD8-BA30-604374A05964}.Release|x64.Build.0 = Release|x64
		{9792D579-E520-4DD8-BA30-604374A05964}.Release|x86.ActiveCfg = Release|Win32
		{9792D579-E520-4DD8-BA30-604374A05964}.Release|x86.Build.0 = Release|Win32
	EndGlobalSection
	GlobalSection(SolutionProperties) = preSolution
		HideSolutionNode = FALSE
	EndGlobalSection
	GlobalSection(ExtensibilityGlobals) = postSolution
		SolutionGuid = {DFC383AD-31C5-4368-9151-734F156D6348}
	EndGlobalSection
EndGlobal
